// !$*UTF8*$!
{
	archiveVersion = 1;
	classes = {
	};
	objectVersion = 48;
	objects = {

/* Begin PBXBuildFile section */
		543A94CD2005AD9F00DE5BF2 /* AppDelegate.m in Sources */ = {isa = PBXBuildFile; fileRef = 543A94CC2005AD9F00DE5BF2 /* AppDelegate.m */; };
		543A94D32005AD9F00DE5BF2 /* Main.storyboard in Resources */ = {isa = PBXBuildFile; fileRef = 543A94D12005AD9F00DE5BF2 /* Main.storyboard */; };
		543A94D52005AD9F00DE5BF2 /* Assets.xcassets in Resources */ = {isa = PBXBuildFile; fileRef = 543A94D42005AD9F00DE5BF2 /* Assets.xcassets */; };
		543A94D82005AD9F00DE5BF2 /* LaunchScreen.storyboard in Resources */ = {isa = PBXBuildFile; fileRef = 543A94D62005AD9F00DE5BF2 /* LaunchScreen.storyboard */; };
		543A94DB2005AD9F00DE5BF2 /* main.m in Sources */ = {isa = PBXBuildFile; fileRef = 543A94DA2005AD9F00DE5BF2 /* main.m */; };
		543A94EB2005ADFE00DE5BF2 /* MVPViewController.m in Sources */ = {isa = PBXBuildFile; fileRef = 543A94E72005ADFD00DE5BF2 /* MVPViewController.m */; };
		543A94EE2005AE5800DE5BF2 /* MVPMainPresenter.m in Sources */ = {isa = PBXBuildFile; fileRef = 543A94ED2005AE5800DE5BF2 /* MVPMainPresenter.m */; };
		543A94F12005AEE300DE5BF2 /* MVPImageModel.m in Sources */ = {isa = PBXBuildFile; fileRef = 543A94F02005AEE300DE5BF2 /* MVPImageModel.m */; };
		543A94F42005B27100DE5BF2 /* MVPImageView.m in Sources */ = {isa = PBXBuildFile; fileRef = 543A94F32005B27100DE5BF2 /* MVPImageView.m */; };
		543A94F62005B28200DE5BF2 /* MVPImageView.xib in Resources */ = {isa = PBXBuildFile; fileRef = 543A94F52005B28200DE5BF2 /* MVPImageView.xib */; };
/* End PBXBuildFile section */

/* Begin PBXFileReference section */
		543A94C82005AD9F00DE5BF2 /* MVPDemo.app */ = {isa = PBXFileReference; explicitFileType = wrapper.application; includeInIndex = 0; path = MVPDemo.app; sourceTree = BUILT_PRODUCTS_DIR; };
		543A94CB2005AD9F00DE5BF2 /* AppDelegate.h */ = {isa = PBXFileReference; lastKnownFileType = sourcecode.c.h; path = AppDelegate.h; sourceTree = "<group>"; };
		543A94CC2005AD9F00DE5BF2 /* AppDelegate.m */ = {isa = PBXFileReference; lastKnownFileType = sourcecode.c.objc; path = AppDelegate.m; sourceTree = "<group>"; };
		543A94D22005AD9F00DE5BF2 /* Base */ = {isa = PBXFileReference; lastKnownFileType = file.storyboard; name = Base; path = Base.lproj/Main.storyboard; sourceTree = "<group>"; };
		543A94D42005AD9F00DE5BF2 /* Assets.xcassets */ = {isa = PBXFileReference; lastKnownFileType = folder.assetcatalog; path = Assets.xcassets; sourceTree = "<group>"; };
		543A94D72005AD9F00DE5BF2 /* Base */ = {isa = PBXFileReference; lastKnownFileType = file.storyboard; name = Base; path = Base.lproj/LaunchScreen.storyboard; sourceTree = "<group>"; };
		543A94D92005AD9F00DE5BF2 /* Info.plist */ = {isa = PBXFileReference; lastKnownFileType = text.plist.xml; path = Info.plist; sourceTree = "<group>"; };
		543A94DA2005AD9F00DE5BF2 /* main.m */ = {isa = PBXFileReference; lastKnownFileType = sourcecode.c.objc; path = main.m; sourceTree = "<group>"; };
		543A94E72005ADFD00DE5BF2 /* MVPViewController.m */ = {isa = PBXFileReference; fileEncoding = 4; lastKnownFileType = sourcecode.c.objc; path = MVPViewController.m; sourceTree = "<group>"; };
		543A94E82005ADFD00DE5BF2 /* MVPViewController.h */ = {isa = PBXFileReference; fileEncoding = 4; lastKnownFileType = sourcecode.c.h; path = MVPViewController.h; sourceTree = "<group>"; };
		543A94EC2005AE5800DE5BF2 /* MVPMainPresenter.h */ = {isa = PBXFileReference; lastKnownFileType = sourcecode.c.h; path = MVPMainPresenter.h; sourceTree = "<group>"; };
		543A94ED2005AE5800DE5BF2 /* MVPMainPresenter.m */ = {isa = PBXFileReference; lastKnownFileType = sourcecode.c.objc; path = MVPMainPresenter.m; sourceTree = "<group>"; };
		543A94EF2005AEE300DE5BF2 /* MVPImageModel.h */ = {isa = PBXFileReference; lastKnownFileType = sourcecode.c.h; path = MVPImageModel.h; sourceTree = "<group>"; };
		543A94F02005AEE300DE5BF2 /* MVPImageModel.m */ = {isa = PBXFileReference; lastKnownFileType = sourcecode.c.objc; path = MVPImageModel.m; sourceTree = "<group>"; };
		543A94F22005B27100DE5BF2 /* MVPImageView.h */ = {isa = PBXFileReference; lastKnownFileType = sourcecode.c.h; path = MVPImageView.h; sourceTree = "<group>"; };
		543A94F32005B27100DE5BF2 /* MVPImageView.m */ = {isa = PBXFileReference; lastKnownFileType = sourcecode.c.objc; path = MVPImageView.m; sourceTree = "<group>"; };
		543A94F52005B28200DE5BF2 /* MVPImageView.xib */ = {isa = PBXFileReference; lastKnownFileType = file.xib; path = MVPImageView.xib; sourceTree = "<group>"; };
/* End PBXFileReference section */

/* Begin PBXFrameworksBuildPhase section */
		543A94C52005AD9F00DE5BF2 /* Frameworks */ = {
			isa = PBXFrameworksBuildPhase;
			buildActionMask = 2147483647;
			files = (
			);
			runOnlyForDeploymentPostprocessing = 0;
		};
/* End PBXFrameworksBuildPhase section */

/* Begin PBXGroup section */
		543A94BF2005AD9F00DE5BF2 = {
			isa = PBXGroup;
			children = (
				543A94CA2005AD9F00DE5BF2 /* MVPDemo */,
				543A94C92005AD9F00DE5BF2 /* Products */,
			);
			sourceTree = "<group>";
		};
		543A94C92005AD9F00DE5BF2 /* Products */ = {
			isa = PBXGroup;
			children = (
				543A94C82005AD9F00DE5BF2 /* MVPDemo.app */,
			);
			name = Products;
			sourceTree = "<group>";
		};
		543A94CA2005AD9F00DE5BF2 /* MVPDemo */ = {
			isa = PBXGroup;
			children = (
				543A94E62005ADFD00DE5BF2 /* Controllers */,
				543A94E92005ADFD00DE5BF2 /* Models */,
				543A94E52005ADFD00DE5BF2 /* Presenters */,
				543A94EA2005ADFD00DE5BF2 /* Views */,
				543A94CB2005AD9F00DE5BF2 /* AppDelegate.h */,
				543A94CC2005AD9F00DE5BF2 /* AppDelegate.m */,
				543A94D12005AD9F00DE5BF2 /* Main.storyboard */,
				543A94D42005AD9F00DE5BF2 /* Assets.xcassets */,
				543A94D62005AD9F00DE5BF2 /* LaunchScreen.storyboard */,
				543A94D92005AD9F00DE5BF2 /* Info.plist */,
				543A94DA2005AD9F00DE5BF2 /* main.m */,
			);
			path = MVPDemo;
			sourceTree = "<group>";
		};
		543A94E52005ADFD00DE5BF2 /* Presenters */ = {
			isa = PBXGroup;
			children = (
				543A94EC2005AE5800DE5BF2 /* MVPMainPresenter.h */,
				543A94ED2005AE5800DE5BF2 /* MVPMainPresenter.m */,
			);
			path = Presenters;
			sourceTree = "<group>";
		};
		543A94E62005ADFD00DE5BF2 /* Controllers */ = {
			isa = PBXGroup;
			children = (
				543A94E82005ADFD00DE5BF2 /* MVPViewController.h */,
				543A94E72005ADFD00DE5BF2 /* MVPViewController.m */,
			);
			path = Controllers;
			sourceTree = "<group>";
		};
		543A94E92005ADFD00DE5BF2 /* Models */ = {
			isa = PBXGroup;
			children = (
				543A94EF2005AEE300DE5BF2 /* MVPImageModel.h */,
				543A94F02005AEE300DE5BF2 /* MVPImageModel.m */,
			);
			path = Models;
			sourceTree = "<group>";
		};
		543A94EA2005ADFD00DE5BF2 /* Views */ = {
			isa = PBXGroup;
			children = (
				543A94F22005B27100DE5BF2 /* MVPImageView.h */,
				543A94F32005B27100DE5BF2 /* MVPImageView.m */,
				543A94F52005B28200DE5BF2 /* MVPImageView.xib */,
			);
			path = Views;
			sourceTree = "<group>";
		};
/* End PBXGroup section */

/* Begin PBXNativeTarget section */
		543A94C72005AD9F00DE5BF2 /* MVPDemo */ = {
			isa = PBXNativeTarget;
			buildConfigurationList = 543A94DE2005AD9F00DE5BF2 /* Build configuration list for PBXNativeTarget "MVPDemo" */;
			buildPhases = (
				543A94C42005AD9F00DE5BF2 /* Sources */,
				543A94C52005AD9F00DE5BF2 /* Frameworks */,
				543A94C62005AD9F00DE5BF2 /* Resources */,
			);
			buildRules = (
			);
			dependencies = (
			);
			name = MVPDemo;
			productName = MVPDemo;
			productReference = 543A94C82005AD9F00DE5BF2 /* MVPDemo.app */;
			productType = "com.apple.product-type.application";
		};
/* End PBXNativeTarget section */

/* Begin PBXProject section */
		543A94C02005AD9F00DE5BF2 /* Project object */ = {
			isa = PBXProject;
			attributes = {
				LastUpgradeCheck = 0920;
				ORGANIZATIONNAME = Later;
				TargetAttributes = {
					543A94C72005AD9F00DE5BF2 = {
						CreatedOnToolsVersion = 9.2;
						ProvisioningStyle = Automatic;
					};
				};
			};
			buildConfigurationList = 543A94C32005AD9F00DE5BF2 /* Build configuration list for PBXProject "MVPDemo" */;
			compatibilityVersion = "Xcode 8.0";
			developmentRegion = en;
			hasScannedForEncodings = 0;
			knownRegions = (
				en,
				Base,
			);
			mainGroup = 543A94BF2005AD9F00DE5BF2;
			productRefGroup = 543A94C92005AD9F00DE5BF2 /* Products */;
			projectDirPath = "";
			projectRoot = "";
			targets = (
				543A94C72005AD9F00DE5BF2 /* MVPDemo */,
			);
		};
/* End PBXProject section */

/* Begin PBXResourcesBuildPhase section */
		543A94C62005AD9F00DE5BF2 /* Resources */ = {
			isa = PBXResourcesBuildPhase;
			buildActionMask = 2147483647;
			files = (
				543A94D82005AD9F00DE5BF2 /* LaunchScreen.storyboard in Resources */,
				543A94D52005AD9F00DE5BF2 /* Assets.xcassets in Resources */,
				543A94F62005B28200DE5BF2 /* MVPImageView.xib in Resources */,
				543A94D32005AD9F00DE5BF2 /* Main.storyboard in Resources */,
			);
			runOnlyForDeploymentPostprocessing = 0;
		};
/* End PBXResourcesBuildPhase section */

/* Begin PBXSourcesBuildPhase section */
		543A94C42005AD9F00DE5BF2 /* Sources */ = {
			isa = PBXSourcesBuildPhase;
			buildActionMask = 2147483647;
			files = (
				543A94DB2005AD9F00DE5BF2 /* main.m in Sources */,
				543A94EB2005ADFE00DE5BF2 /* MVPViewController.m in Sources */,
				543A94F12005AEE300DE5BF2 /* MVPImageModel.m in Sources */,
				543A94CD2005AD9F00DE5BF2 /* AppDelegate.m in Sources */,
				543A94F42005B27100DE5BF2 /* MVPImageView.m in Sources */,
				543A94EE2005AE5800DE5BF2 /* MVPMainPresenter.m in Sources */,
			);
			runOnlyForDeploymentPostprocessing = 0;
		};
/* End PBXSourcesBuildPhase section */

/* Begin PBXVariantGroup section */
		543A94D12005AD9F00DE5BF2 /* Main.storyboard */ = {
			isa = PBXVariantGroup;
			children = (
				543A94D22005AD9F00DE5BF2 /* Base */,
			);
			name = Main.storyboard;
			sourceTree = "<group>";
		};
		543A94D62005AD9F00DE5BF2 /* LaunchScreen.storyboard */ = {
			isa = PBXVariantGroup;
			children = (
				543A94D72005AD9F00DE5BF2 /* Base */,
			);
			name = LaunchScreen.storyboard;
			sourceTree = "<group>";
		};
/* End PBXVariantGroup section */

/* Begin XCBuildConfiguration section */
		543A94DC2005AD9F00DE5BF2 /* Debug */ = {
			isa = XCBuildConfiguration;
			buildSettings = {
				ALWAYS_SEARCH_USER_PATHS = NO;
				CLANG_ANALYZER_NONNULL = YES;
				CLANG_ANALYZER_NUMBER_OBJECT_CONVERSION = YES_AGGRESSIVE;
				CLANG_CXX_LANGUAGE_STANDARD = "gnu++14";
				CLANG_CXX_LIBRARY = "libc++";
				CLANG_ENABLE_MODULES = YES;
				CLANG_ENABLE_OBJC_ARC = YES;
				CLANG_WARN_BLOCK_CAPTURE_AUTORELEASING = YES;
				CLANG_WARN_BOOL_CONVERSION = YES;
				CLANG_WARN_COMMA = YES;
				CLANG_WARN_CONSTANT_CONVERSION = YES;
				CLANG_WARN_DIRECT_OBJC_ISA_USAGE = YES_ERROR;
				CLANG_WARN_DOCUMENTATION_COMMENTS = YES;
				CLANG_WARN_EMPTY_BODY = YES;
				CLANG_WARN_ENUM_CONVERSION = YES;
				CLANG_WARN_INFINITE_RECURSION = YES;
				CLANG_WARN_INT_CONVERSION = YES;
				CLANG_WARN_NON_LITERAL_NULL_CONVERSION = YES;
				CLANG_WARN_OBJC_LITERAL_CONVERSION = YES;
				CLANG_WARN_OBJC_ROOT_CLASS = YES_ERROR;
				CLANG_WARN_RANGE_LOOP_ANALYSIS = YES;
				CLANG_WARN_STRICT_PROTOTYPES = YES;
				CLANG_WARN_SUSPICIOUS_MOVE = YES;
				CLANG_WARN_UNGUARDED_AVAILABILITY = YES_AGGRESSIVE;
				CLANG_WARN_UNREACHABLE_CODE = YES;
				CLANG_WARN__DUPLICATE_METHOD_MATCH = YES;
				CODE_SIGN_IDENTITY = "iPhone Developer";
				COPY_PHASE_STRIP = NO;
				DEBUG_INFORMATION_FORMAT = dwarf;
				ENABLE_STRICT_OBJC_MSGSEND = YES;
				ENABLE_TESTABILITY = YES;
				GCC_C_LANGUAGE_STANDARD = gnu11;
				GCC_DYNAMIC_NO_PIC = NO;
				GCC_NO_COMMON_BLOCKS = YES;
				GCC_OPTIMIZATION_LEVEL = 0;
				GCC_PREPROCESSOR_DEFINITIONS = (
					"DEBUG=1",
					"$(inherited)",
				);
				GCC_WARN_64_TO_32_BIT_CONVERSION = YES;
				GCC_WARN_ABOUT_RETURN_TYPE = YES_ERROR;
				GCC_WARN_UNDECLARED_SELECTOR = YES;
				GCC_WARN_UNINITIALIZED_AUTOS = YES_AGGRESSIVE;
				GCC_WARN_UNUSED_FUNCTION = YES;
				GCC_WARN_UNUSED_VARIABLE = YES;
				IPHONEOS_DEPLOYMENT_TARGET = 11.2;
				MTL_ENABLE_DEBUG_INFO = YES;
				ONLY_ACTIVE_ARCH = YES;
				SDKROOT = iphoneos;
			};
			name = Debug;
		};
		543A94DD2005AD9F00DE5BF2 /* Release */ = {
			isa = XCBuildConfiguration;
			buildSettings = {
				ALWAYS_SEARCH_USER_PATHS = NO;
				CLANG_ANALYZER_NONNULL = YES;
				CLANG_ANALYZER_NUMBER_OBJECT_CONVERSION = YES_AGGRESSIVE;
				CLANG_CXX_LANGUAGE_STANDARD = "gnu++14";
				CLANG_CXX_LIBRARY = "libc++";
				CLANG_ENABLE_MODULES = YES;
				CLANG_ENABLE_OBJC_ARC = YES;
				CLANG_WARN_BLOCK_CAPTURE_AUTORELEASING = YES;
				CLANG_WARN_BOOL_CONVERSION = YES;
				CLANG_WARN_COMMA = YES;
				CLANG_WARN_CONSTANT_CONVERSION = YES;
				CLANG_WARN_DIRECT_OBJC_ISA_USAGE = YES_ERROR;
				CLANG_WARN_DOCUMENTATION_COMMENTS = YES;
				CLANG_WARN_EMPTY_BODY = YES;
				CLANG_WARN_ENUM_CONVERSION = YES;
				CLANG_WARN_INFINITE_RECURSION = YES;
				CLANG_WARN_INT_CONVERSION = YES;
				CLANG_WARN_NON_LITERAL_NULL_CONVERSION = YES;
				CLANG_WARN_OBJC_LITERAL_CONVERSION = YES;
				CLANG_WARN_OBJC_ROOT_CLASS = YES_ERROR;
				CLANG_WARN_RANGE_LOOP_ANALYSIS = YES;
				CLANG_WARN_STRICT_PROTOTYPES = YES;
				CLANG_WARN_SUSPICIOUS_MOVE = YES;
				CLANG_WARN_UNGUARDED_AVAILABILITY = YES_AGGRESSIVE;
				CLANG_WARN_UNREACHABLE_CODE = YES;
				CLANG_WARN__DUPLICATE_METHOD_MATCH = YES;
				CODE_SIGN_IDENTITY = "iPhone Developer";
				COPY_PHASE_STRIP = NO;
				DEBUG_INFORMATION_FORMAT = "dwarf-with-dsym";
				ENABLE_NS_ASSERTIONS = NO;
				ENABLE_STRICT_OBJC_MSGSEND = YES;
				GCC_C_LANGUAGE_STANDARD = gnu11;
				GCC_NO_COMMON_BLOCKS = YES;
				GCC_WARN_64_TO_32_BIT_CONVERSION = YES;
				GCC_WARN_ABOUT_RETURN_TYPE = YES_ERROR;
				GCC_WARN_UNDECLARED_SELECTOR = YES;
				GCC_WARN_UNINITIALIZED_AUTOS = YES_AGGRESSIVE;
				GCC_WARN_UNUSED_FUNCTION = YES;
				GCC_WARN_UNUSED_VARIABLE = YES;
				IPHONEOS_DEPLOYMENT_TARGET = 11.2;
				MTL_ENABLE_DEBUG_INFO = NO;
				SDKROOT = iphoneos;
				VALIDATE_PRODUCT = YES;
			};
			name = Release;
		};
		543A94DF2005AD9F00DE5BF2 /* Debug */ = {
			isa = XCBuildConfiguration;
			buildSettings = {
				ASSETCATALOG_COMPILER_APPICON_NAME = AppIcon;
				CODE_SIGN_STYLE = Automatic;
				DEVELOPMENT_TEAM = 3F47987WD3;
				INFOPLIST_FILE = MVPDemo/Info.plist;
				LD_RUNPATH_SEARCH_PATHS = "$(inherited) @executable_path/Frameworks";
				PRODUCT_BUNDLE_IDENTIFIER = com.lshxin.MVPDemo;
				PRODUCT_NAME = "$(TARGET_NAME)";
				TARGETED_DEVICE_FAMILY = "1,2";
			};
			name = Debug;
		};
		543A94E02005AD9F00DE5BF2 /* Release */ = {
			isa = XCBuildConfiguration;
			buildSettings = {
				ASSETCATALOG_COMPILER_APPICON_NAME = AppIcon;
				CODE_SIGN_STYLE = Automatic;
				DEVELOPMENT_TEAM = 3F47987WD3;
				INFOPLIST_FILE = MVPDemo/Info.plist;
				LD_RUNPATH_SEARCH_PATHS = "$(inherited) @executable_path/Frameworks";
				PRODUCT_BUNDLE_IDENTIFIER = com.lshxin.MVPDemo;
				PRODUCT_NAME = "$(TARGET_NAME)";
				TARGETED_DEVICE_FAMILY = "1,2";
			};
			name = Release;
		};
/* End XCBuildConfiguration section */

/* Begin XCConfigurationList section */
		543A94C32005AD9F00DE5BF2 /* Build configuration list for PBXProject "MVPDemo" */ = {
			isa = XCConfigurationList;
			buildConfigurations = (
				543A94DC2005AD9F00DE5BF2 /* Debug */,
				543A94DD2005AD9F00DE5BF2 /* Release */,
			);
			defaultConfigurationIsVisible = 0;
			defaultConfigurationName = Release;
		};
		543A94DE2005AD9F00DE5BF2 /* Build configuration list for PBXNativeTarget "MVPDemo" */ = {
			isa = XCConfigurationList;
			buildConfigurations = (
				543A94DF2005AD9F00DE5BF2 /* Debug */,
				543A94E02005AD9F00DE5BF2 /* Release */,
			);
			defaultConfigurationIsVisible = 0;
			defaultConfigurationName = Release;
		};
/* End XCConfigurationList section */
	};
	rootObject = 543A94C02005AD9F00DE5BF2 /* Project object */;
}
